
Microsoft Visual Studio Solution File, Format Version 11.00
# Visual Studio 2010
Project("{FAE04EC0-301F-11D3-BF4B-00C04F79EFBC}") = "Bistro.Core", "Bistro.Core\Bistro.Core.csproj", "{8A5337BB-438F-4AD7-B695-89DF28F778DF}"
EndProject
Project("{FAE04EC0-301F-11D3-BF4B-00C04F79EFBC}") = "Bistro.UnitTests", "Bistro.UnitTests\Bistro.UnitTests.csproj", "{577F6049-05CB-426E-8625-C89C5AC331C3}"
EndProject
Project("{FAE04EC0-301F-11D3-BF4B-00C04F79EFBC}") = "Bistro.Extensions", "Bistro.Extensions\Bistro.Extensions.csproj", "{81D48228-73A8-4A92-84B9-ECD57F86DB72}"
EndProject
Global
	GlobalSection(SolutionConfigurationPlatforms) = preSolution
		Debug|Any CPU = Debug|Any CPU
		Release|Any CPU = Release|Any CPU
	EndGlobalSection
	GlobalSection(ProjectConfigurationPlatforms) = postSolution
		{8A5337BB-438F-4AD7-B695-89DF28F778DF}.Debug|Any CPU.ActiveCfg = Debug|Any CPU
		{8A5337BB-438F-4AD7-B695-89DF28F778DF}.Debug|Any CPU.Build.0 = Debug|Any CPU
		{8A5337BB-438F-4AD7-B695-89DF28F778DF}.Release|Any CPU.ActiveCfg = Release|Any CPU
		{8A5337BB-438F-4AD7-B695-89DF28F778DF}.Release|Any CPU.Build.0 = Release|Any CPU
		{577F6049-05CB-426E-8625-C89C5AC331C3}.Debug|Any CPU.ActiveCfg = Debug|Any CPU
		{577F6049-05CB-426E-8625-C89C5AC331C3}.Debug|Any CPU.Build.0 = Debug|Any CPU
		{577F6049-05CB-426E-8625-C89C5AC331C3}.Release|Any CPU.ActiveCfg = Release|Any CPU
		{577F6049-05CB-426E-8625-C89C5AC331C3}.Release|Any CPU.Build.0 = Release|Any CPU
		{81D48228-73A8-4A92-84B9-ECD57F86DB72}.Debug|Any CPU.ActiveCfg = Debug|Any CPU
		{81D48228-73A8-4A92-84B9-ECD57F86DB72}.Debug|Any CPU.Build.0 = Debug|Any CPU
		{81D48228-73A8-4A92-84B9-ECD57F86DB72}.Release|Any CPU.ActiveCfg = Release|Any CPU
		{81D48228-73A8-4A92-84B9-ECD57F86DB72}.Release|Any CPU.Build.0 = Release|Any CPU
	EndGlobalSection
	GlobalSection(SolutionProperties) = preSolution
		HideSolutionNode = FALSE
	EndGlobalSection
EndGlobal
