
Microsoft Visual Studio Solution File, Format Version 10.00
# Visual Studio 2008
Project("{FAE04EC0-301F-11D3-BF4B-00C04F79EFBC}") = "Bistro.Designer", "Bistro.Designer\Bistro.Designer.csproj", "{7C11A46D-27A6-41F9-A754-0D9F1DA4369D}"
	ProjectSection(ProjectDependencies) = postProject
		{C085BF9A-0393-4D2C-8EAE-7BA0ED1EEB09} = {C085BF9A-0393-4D2C-8EAE-7BA0ED1EEB09}
	EndProjectSection
EndProject
Project("{FAE04EC0-301F-11D3-BF4B-00C04F79EFBC}") = "ProjectExtender", "ProjectExtender\ProjectExtender.csproj", "{C085BF9A-0393-4D2C-8EAE-7BA0ED1EEB09}"
EndProject
Project("{FAE04EC0-301F-11D3-BF4B-00C04F79EFBC}") = "ProjectExtender_IntegrationTestProject", "ProjectExtender\ProjectExtender_IntegrationTestProject\ProjectExtender_IntegrationTestProject.csproj", "{256F4845-187A-461A-BF15-79E05A466472}"
EndProject
Project("{FAE04EC0-301F-11D3-BF4B-00C04F79EFBC}") = "ProjectExtender_UnitTestProject", "ProjectExtender\ProjectExtender_UnitTestProject\ProjectExtender_UnitTestProject.csproj", "{A06A3FF6-9BC1-4A84-B62F-BE9AC6BE4513}"
EndProject
Global
	GlobalSection(SolutionConfigurationPlatforms) = preSolution
		Debug|Any CPU = Debug|Any CPU
		Release|Any CPU = Release|Any CPU
	EndGlobalSection
	GlobalSection(ProjectConfigurationPlatforms) = postSolution
		{7C11A46D-27A6-41F9-A754-0D9F1DA4369D}.Debug|Any CPU.ActiveCfg = Debug|Any CPU
		{7C11A46D-27A6-41F9-A754-0D9F1DA4369D}.Debug|Any CPU.Build.0 = Debug|Any CPU
		{7C11A46D-27A6-41F9-A754-0D9F1DA4369D}.Release|Any CPU.ActiveCfg = Release|Any CPU
		{7C11A46D-27A6-41F9-A754-0D9F1DA4369D}.Release|Any CPU.Build.0 = Release|Any CPU
		{C085BF9A-0393-4D2C-8EAE-7BA0ED1EEB09}.Debug|Any CPU.ActiveCfg = Debug|Any CPU
		{C085BF9A-0393-4D2C-8EAE-7BA0ED1EEB09}.Debug|Any CPU.Build.0 = Debug|Any CPU
		{C085BF9A-0393-4D2C-8EAE-7BA0ED1EEB09}.Release|Any CPU.ActiveCfg = Release|Any CPU
		{C085BF9A-0393-4D2C-8EAE-7BA0ED1EEB09}.Release|Any CPU.Build.0 = Release|Any CPU
		{256F4845-187A-461A-BF15-79E05A466472}.Debug|Any CPU.ActiveCfg = Debug|Any CPU
		{256F4845-187A-461A-BF15-79E05A466472}.Debug|Any CPU.Build.0 = Debug|Any CPU
		{256F4845-187A-461A-BF15-79E05A466472}.Release|Any CPU.ActiveCfg = Release|Any CPU
		{256F4845-187A-461A-BF15-79E05A466472}.Release|Any CPU.Build.0 = Release|Any CPU
		{A06A3FF6-9BC1-4A84-B62F-BE9AC6BE4513}.Debug|Any CPU.ActiveCfg = Debug|Any CPU
		{A06A3FF6-9BC1-4A84-B62F-BE9AC6BE4513}.Debug|Any CPU.Build.0 = Debug|Any CPU
		{A06A3FF6-9BC1-4A84-B62F-BE9AC6BE4513}.Release|Any CPU.ActiveCfg = Release|Any CPU
		{A06A3FF6-9BC1-4A84-B62F-BE9AC6BE4513}.Release|Any CPU.Build.0 = Release|Any CPU
	EndGlobalSection
	GlobalSection(SolutionProperties) = preSolution
		HideSolutionNode = FALSE
	EndGlobalSection
EndGlobal
