
Microsoft Visual Studio Solution File, Format Version 10.00
# Visual Studio 2008
Project("{FAE04EC0-301F-11D3-BF4B-00C04F79EFBC}") = "BistroMethodEngine", "BistroMethodEngine.csproj", "{A73415D0-0FD8-4D7B-8016-3916D464F5B2}"
EndProject
Project("{FAE04EC0-301F-11D3-BF4B-00C04F79EFBC}") = "BistroTests", "BistroTests\BistroTests.csproj", "{FC8C6BF2-8CA3-4B6A-AF75-CC32B11BBD90}"
EndProject
Global
	GlobalSection(SolutionConfigurationPlatforms) = preSolution
		Debug|Any CPU = Debug|Any CPU
		Release|Any CPU = Release|Any CPU
	EndGlobalSection
	GlobalSection(ProjectConfigurationPlatforms) = postSolution
		{A73415D0-0FD8-4D7B-8016-3916D464F5B2}.Debug|Any CPU.ActiveCfg = Debug|Any CPU
		{A73415D0-0FD8-4D7B-8016-3916D464F5B2}.Debug|Any CPU.Build.0 = Debug|Any CPU
		{A73415D0-0FD8-4D7B-8016-3916D464F5B2}.Release|Any CPU.ActiveCfg = Release|Any CPU
		{A73415D0-0FD8-4D7B-8016-3916D464F5B2}.Release|Any CPU.Build.0 = Release|Any CPU
		{FC8C6BF2-8CA3-4B6A-AF75-CC32B11BBD90}.Debug|Any CPU.ActiveCfg = Debug|Any CPU
		{FC8C6BF2-8CA3-4B6A-AF75-CC32B11BBD90}.Debug|Any CPU.Build.0 = Debug|Any CPU
		{FC8C6BF2-8CA3-4B6A-AF75-CC32B11BBD90}.Release|Any CPU.ActiveCfg = Release|Any CPU
		{FC8C6BF2-8CA3-4B6A-AF75-CC32B11BBD90}.Release|Any CPU.Build.0 = Release|Any CPU
	EndGlobalSection
	GlobalSection(SolutionProperties) = preSolution
		HideSolutionNode = FALSE
	EndGlobalSection
EndGlobal
