Microsoft Visual Studio Solution File, Format Version 10.00
# Visual Studio 2008
Project("{FAE04EC0-301F-11D3-BF4B-00C04F79EFBC}") = "BistroDesignerMockUp", "BistroDesignerMockUp\BistroDesignerMockUp.csproj", "{E61D1059-BA5F-4385-B519-7E1C9153B07C}"
EndProject
Project("{FAE04EC0-301F-11D3-BF4B-00C04F79EFBC}") = "Controls", "Controls\Controls.csproj", "{0371FD88-B4C8-4685-A66D-650E31185BDA}"
EndProject
Project("{FAE04EC0-301F-11D3-BF4B-00C04F79EFBC}") = "TestData", "TestDate\TestData.csproj", "{6C6FE3E2-AC23-460C-8C93-CB0AAF3D20F5}"
EndProject
Project("{FAE04EC0-301F-11D3-BF4B-00C04F79EFBC}") = "BistroMethodEngine", "BistroEngine\BistroMethodEngine.csproj", "{A73415D0-0FD8-4D7B-8016-3916D464F5B2}"
EndProject
Project("{FAE04EC0-301F-11D3-BF4B-00C04F79EFBC}") = "DesignerInterfaces", "DesignerInterfaces\DesignerInterfaces.csproj", "{DC91C31D-B231-4FB2-A0B5-9081E0C64EC8}"
EndProject
Global
	GlobalSection(SolutionConfigurationPlatforms) = preSolution
		Debug|Any CPU = Debug|Any CPU
		Release|Any CPU = Release|Any CPU
	EndGlobalSection
	GlobalSection(ProjectConfigurationPlatforms) = postSolution
		{E61D1059-BA5F-4385-B519-7E1C9153B07C}.Debug|Any CPU.ActiveCfg = Debug|Any CPU
		{E61D1059-BA5F-4385-B519-7E1C9153B07C}.Debug|Any CPU.Build.0 = Debug|Any CPU
		{E61D1059-BA5F-4385-B519-7E1C9153B07C}.Release|Any CPU.ActiveCfg = Release|Any CPU
		{E61D1059-BA5F-4385-B519-7E1C9153B07C}.Release|Any CPU.Build.0 = Release|Any CPU
		{0371FD88-B4C8-4685-A66D-650E31185BDA}.Debug|Any CPU.ActiveCfg = Debug|Any CPU
		{0371FD88-B4C8-4685-A66D-650E31185BDA}.Debug|Any CPU.Build.0 = Debug|Any CPU
		{0371FD88-B4C8-4685-A66D-650E31185BDA}.Release|Any CPU.ActiveCfg = Release|Any CPU
		{0371FD88-B4C8-4685-A66D-650E31185BDA}.Release|Any CPU.Build.0 = Release|Any CPU
		{6C6FE3E2-AC23-460C-8C93-CB0AAF3D20F5}.Debug|Any CPU.ActiveCfg = Debug|Any CPU
		{6C6FE3E2-AC23-460C-8C93-CB0AAF3D20F5}.Debug|Any CPU.Build.0 = Debug|Any CPU
		{6C6FE3E2-AC23-460C-8C93-CB0AAF3D20F5}.Release|Any CPU.ActiveCfg = Release|Any CPU
		{6C6FE3E2-AC23-460C-8C93-CB0AAF3D20F5}.Release|Any CPU.Build.0 = Release|Any CPU
		{A73415D0-0FD8-4D7B-8016-3916D464F5B2}.Debug|Any CPU.ActiveCfg = Debug|Any CPU
		{A73415D0-0FD8-4D7B-8016-3916D464F5B2}.Debug|Any CPU.Build.0 = Debug|Any CPU
		{A73415D0-0FD8-4D7B-8016-3916D464F5B2}.Release|Any CPU.ActiveCfg = Release|Any CPU
		{A73415D0-0FD8-4D7B-8016-3916D464F5B2}.Release|Any CPU.Build.0 = Release|Any CPU
		{DC91C31D-B231-4FB2-A0B5-9081E0C64EC8}.Debug|Any CPU.ActiveCfg = Debug|Any CPU
		{DC91C31D-B231-4FB2-A0B5-9081E0C64EC8}.Debug|Any CPU.Build.0 = Debug|Any CPU
		{DC91C31D-B231-4FB2-A0B5-9081E0C64EC8}.Release|Any CPU.ActiveCfg = Release|Any CPU
		{DC91C31D-B231-4FB2-A0B5-9081E0C64EC8}.Release|Any CPU.Build.0 = Release|Any CPU
	EndGlobalSection
	GlobalSection(SolutionProperties) = preSolution
		HideSolutionNode = FALSE
	EndGlobalSection
EndGlobal
