
Microsoft Visual Studio Solution File, Format Version 10.00
# Visual Studio 2008
Project("{930C7802-8A8C-48F9-8165-68863BCCD9DD}") = "Bistro.Designer.SetupWiX", "Bistro.Designer.SetupWiX.wixproj", "{A93AAAFE-04B6-4C80-9DDA-C3B449506A5C}"
EndProject
Project("{FAE04EC0-301F-11D3-BF4B-00C04F79EFBC}") = "Bistro.Designer", "..\Bistro.Designer\Bistro.Designer.csproj", "{7C11A46D-27A6-41F9-A754-0D9F1DA4369D}"
EndProject
Global
	GlobalSection(SolutionConfigurationPlatforms) = preSolution
		Debug|Any CPU = Debug|Any CPU
		Debug|Mixed Platforms = Debug|Mixed Platforms
		Debug|x86 = Debug|x86
		Release|Any CPU = Release|Any CPU
		Release|Mixed Platforms = Release|Mixed Platforms
		Release|x86 = Release|x86
	EndGlobalSection
	GlobalSection(ProjectConfigurationPlatforms) = postSolution
		{A93AAAFE-04B6-4C80-9DDA-C3B449506A5C}.Debug|Any CPU.ActiveCfg = Debug|x86
		{A93AAAFE-04B6-4C80-9DDA-C3B449506A5C}.Debug|Mixed Platforms.ActiveCfg = Debug|x86
		{A93AAAFE-04B6-4C80-9DDA-C3B449506A5C}.Debug|Mixed Platforms.Build.0 = Debug|x86
		{A93AAAFE-04B6-4C80-9DDA-C3B449506A5C}.Debug|x86.ActiveCfg = Debug|x86
		{A93AAAFE-04B6-4C80-9DDA-C3B449506A5C}.Debug|x86.Build.0 = Debug|x86
		{A93AAAFE-04B6-4C80-9DDA-C3B449506A5C}.Release|Any CPU.ActiveCfg = Release|x86
		{A93AAAFE-04B6-4C80-9DDA-C3B449506A5C}.Release|Mixed Platforms.ActiveCfg = Release|x86
		{A93AAAFE-04B6-4C80-9DDA-C3B449506A5C}.Release|Mixed Platforms.Build.0 = Release|x86
		{A93AAAFE-04B6-4C80-9DDA-C3B449506A5C}.Release|x86.ActiveCfg = Release|x86
		{A93AAAFE-04B6-4C80-9DDA-C3B449506A5C}.Release|x86.Build.0 = Release|x86
		{7C11A46D-27A6-41F9-A754-0D9F1DA4369D}.Debug|Any CPU.ActiveCfg = Debug|Any CPU
		{7C11A46D-27A6-41F9-A754-0D9F1DA4369D}.Debug|Any CPU.Build.0 = Debug|Any CPU
		{7C11A46D-27A6-41F9-A754-0D9F1DA4369D}.Debug|Mixed Platforms.ActiveCfg = Debug|Any CPU
		{7C11A46D-27A6-41F9-A754-0D9F1DA4369D}.Debug|Mixed Platforms.Build.0 = Debug|Any CPU
		{7C11A46D-27A6-41F9-A754-0D9F1DA4369D}.Debug|x86.ActiveCfg = Debug|Any CPU
		{7C11A46D-27A6-41F9-A754-0D9F1DA4369D}.Release|Any CPU.ActiveCfg = Release|Any CPU
		{7C11A46D-27A6-41F9-A754-0D9F1DA4369D}.Release|Any CPU.Build.0 = Release|Any CPU
		{7C11A46D-27A6-41F9-A754-0D9F1DA4369D}.Release|Mixed Platforms.ActiveCfg = Release|Any CPU
		{7C11A46D-27A6-41F9-A754-0D9F1DA4369D}.Release|Mixed Platforms.Build.0 = Release|Any CPU
		{7C11A46D-27A6-41F9-A754-0D9F1DA4369D}.Release|x86.ActiveCfg = Release|Any CPU
	EndGlobalSection
	GlobalSection(SolutionProperties) = preSolution
		HideSolutionNode = FALSE
	EndGlobalSection
EndGlobal
