
Microsoft Visual Studio Solution File, Format Version 10.00
# Visual Studio 2008
Project("{FAE04EC0-301F-11D3-BF4B-00C04F79EFBC}") = "BistroApi", "BistroApi\BistroApi.csproj", "{A0949AC5-17B8-4CFA-B0F6-32F163356DE9}"
EndProject
Project("{FAE04EC0-301F-11D3-BF4B-00C04F79EFBC}") = "BistroModel", "BistroModel\BistroModel.csproj", "{76A7C139-71A5-4A40-9799-8AFC6E83A6BA}"
EndProject
Project("{FAE04EC0-301F-11D3-BF4B-00C04F79EFBC}") = "BistroModelTest", "BistroModelTest\BistroModelTest.csproj", "{9DA67E70-4F34-475B-8E12-05935CE1703C}"
EndProject
Project("{FAE04EC0-301F-11D3-BF4B-00C04F79EFBC}") = "WebModBistroTest", "WebModBistroTest\WebModBistroTest.csproj", "{0C1135B9-C3B2-4A9A-9824-6C7510269B1A}"
EndProject
Project("{FAE04EC0-301F-11D3-BF4B-00C04F79EFBC}") = "ControllersA", "ControllersA\ControllersA.csproj", "{DAF13C52-B37D-4719-9477-B2B21425B4A8}"
EndProject
Project("{FAE04EC0-301F-11D3-BF4B-00C04F79EFBC}") = "ControllersB", "ControllersB\ControllersB.csproj", "{E0106722-0715-4F61-B8EF-CA2B80F4A3C3}"
EndProject
Project("{FAE04EC0-301F-11D3-BF4B-00C04F79EFBC}") = "ControllersC", "ControllersC\ControllersC.csproj", "{8D379CEA-D218-4DEC-87C0-4821F458BB95}"
EndProject
Project("{FAE04EC0-301F-11D3-BF4B-00C04F79EFBC}") = "BistroIntegrationMod", "BistroIntegrationMod\BistroIntegrationMod.csproj", "{2A3CC2FE-AB0E-44F6-B1CB-3290581DA442}"
EndProject
Project("{FAE04EC0-301F-11D3-BF4B-00C04F79EFBC}") = "ModBistroUnitTests", "ModBistroUnitTests\ModBistroUnitTests.csproj", "{D1BAAB5D-4F53-45D5-AE61-7E5AB29D7ECE}"
EndProject
Project("{2150E333-8FDC-42A3-9474-1A3956D46DE8}") = "BistroOriginal", "BistroOriginal", "{FDD2E530-9445-4624-9063-D6E8EAC83A04}"
EndProject
Project("{FAE04EC0-301F-11D3-BF4B-00C04F79EFBC}") = "Bistro", "BistroCore\Bistro.csproj", "{8A5337BB-438F-4AD7-B695-89DF28F778DF}"
EndProject
Project("{FAE04EC0-301F-11D3-BF4B-00C04F79EFBC}") = "BistroUnitTests", "BistroUnitTests\BistroUnitTests.csproj", "{577F6049-05CB-426E-8625-C89C5AC331C3}"
EndProject
Project("{2150E333-8FDC-42A3-9474-1A3956D46DE8}") = "BistroMod", "BistroMod", "{6A62A6AA-8A94-4745-94F9-641B448E27C8}"
	ProjectSection(SolutionItems) = preProject
		doc_view_in_firefox.html = doc_view_in_firefox.html
	EndProjectSection
EndProject
Project("{2150E333-8FDC-42A3-9474-1A3956D46DE8}") = "BistroModMiscTests", "BistroModMiscTests", "{29C98603-C29C-4973-946A-6F82AF1F273D}"
EndProject
Global
	GlobalSection(SolutionConfigurationPlatforms) = preSolution
		Debug|Any CPU = Debug|Any CPU
		Release|Any CPU = Release|Any CPU
	EndGlobalSection
	GlobalSection(ProjectConfigurationPlatforms) = postSolution
		{A0949AC5-17B8-4CFA-B0F6-32F163356DE9}.Debug|Any CPU.ActiveCfg = Debug|Any CPU
		{A0949AC5-17B8-4CFA-B0F6-32F163356DE9}.Debug|Any CPU.Build.0 = Debug|Any CPU
		{A0949AC5-17B8-4CFA-B0F6-32F163356DE9}.Release|Any CPU.ActiveCfg = Release|Any CPU
		{A0949AC5-17B8-4CFA-B0F6-32F163356DE9}.Release|Any CPU.Build.0 = Release|Any CPU
		{76A7C139-71A5-4A40-9799-8AFC6E83A6BA}.Debug|Any CPU.ActiveCfg = Debug|Any CPU
		{76A7C139-71A5-4A40-9799-8AFC6E83A6BA}.Debug|Any CPU.Build.0 = Debug|Any CPU
		{76A7C139-71A5-4A40-9799-8AFC6E83A6BA}.Release|Any CPU.ActiveCfg = Release|Any CPU
		{76A7C139-71A5-4A40-9799-8AFC6E83A6BA}.Release|Any CPU.Build.0 = Release|Any CPU
		{9DA67E70-4F34-475B-8E12-05935CE1703C}.Debug|Any CPU.ActiveCfg = Debug|Any CPU
		{9DA67E70-4F34-475B-8E12-05935CE1703C}.Debug|Any CPU.Build.0 = Debug|Any CPU
		{9DA67E70-4F34-475B-8E12-05935CE1703C}.Release|Any CPU.ActiveCfg = Release|Any CPU
		{9DA67E70-4F34-475B-8E12-05935CE1703C}.Release|Any CPU.Build.0 = Release|Any CPU
		{0C1135B9-C3B2-4A9A-9824-6C7510269B1A}.Debug|Any CPU.ActiveCfg = Debug|Any CPU
		{0C1135B9-C3B2-4A9A-9824-6C7510269B1A}.Debug|Any CPU.Build.0 = Debug|Any CPU
		{0C1135B9-C3B2-4A9A-9824-6C7510269B1A}.Release|Any CPU.ActiveCfg = Release|Any CPU
		{0C1135B9-C3B2-4A9A-9824-6C7510269B1A}.Release|Any CPU.Build.0 = Release|Any CPU
		{DAF13C52-B37D-4719-9477-B2B21425B4A8}.Debug|Any CPU.ActiveCfg = Debug|Any CPU
		{DAF13C52-B37D-4719-9477-B2B21425B4A8}.Debug|Any CPU.Build.0 = Debug|Any CPU
		{DAF13C52-B37D-4719-9477-B2B21425B4A8}.Release|Any CPU.ActiveCfg = Release|Any CPU
		{DAF13C52-B37D-4719-9477-B2B21425B4A8}.Release|Any CPU.Build.0 = Release|Any CPU
		{E0106722-0715-4F61-B8EF-CA2B80F4A3C3}.Debug|Any CPU.ActiveCfg = Debug|Any CPU
		{E0106722-0715-4F61-B8EF-CA2B80F4A3C3}.Debug|Any CPU.Build.0 = Debug|Any CPU
		{E0106722-0715-4F61-B8EF-CA2B80F4A3C3}.Release|Any CPU.ActiveCfg = Release|Any CPU
		{E0106722-0715-4F61-B8EF-CA2B80F4A3C3}.Release|Any CPU.Build.0 = Release|Any CPU
		{8D379CEA-D218-4DEC-87C0-4821F458BB95}.Debug|Any CPU.ActiveCfg = Debug|Any CPU
		{8D379CEA-D218-4DEC-87C0-4821F458BB95}.Debug|Any CPU.Build.0 = Debug|Any CPU
		{8D379CEA-D218-4DEC-87C0-4821F458BB95}.Release|Any CPU.ActiveCfg = Release|Any CPU
		{8D379CEA-D218-4DEC-87C0-4821F458BB95}.Release|Any CPU.Build.0 = Release|Any CPU
		{2A3CC2FE-AB0E-44F6-B1CB-3290581DA442}.Debug|Any CPU.ActiveCfg = Debug|Any CPU
		{2A3CC2FE-AB0E-44F6-B1CB-3290581DA442}.Debug|Any CPU.Build.0 = Debug|Any CPU
		{2A3CC2FE-AB0E-44F6-B1CB-3290581DA442}.Release|Any CPU.ActiveCfg = Release|Any CPU
		{2A3CC2FE-AB0E-44F6-B1CB-3290581DA442}.Release|Any CPU.Build.0 = Release|Any CPU
		{D1BAAB5D-4F53-45D5-AE61-7E5AB29D7ECE}.Debug|Any CPU.ActiveCfg = Debug|Any CPU
		{D1BAAB5D-4F53-45D5-AE61-7E5AB29D7ECE}.Debug|Any CPU.Build.0 = Debug|Any CPU
		{D1BAAB5D-4F53-45D5-AE61-7E5AB29D7ECE}.Release|Any CPU.ActiveCfg = Release|Any CPU
		{D1BAAB5D-4F53-45D5-AE61-7E5AB29D7ECE}.Release|Any CPU.Build.0 = Release|Any CPU
		{8A5337BB-438F-4AD7-B695-89DF28F778DF}.Debug|Any CPU.ActiveCfg = Debug|Any CPU
		{8A5337BB-438F-4AD7-B695-89DF28F778DF}.Debug|Any CPU.Build.0 = Debug|Any CPU
		{8A5337BB-438F-4AD7-B695-89DF28F778DF}.Release|Any CPU.ActiveCfg = Release|Any CPU
		{8A5337BB-438F-4AD7-B695-89DF28F778DF}.Release|Any CPU.Build.0 = Release|Any CPU
		{577F6049-05CB-426E-8625-C89C5AC331C3}.Debug|Any CPU.ActiveCfg = Debug|Any CPU
		{577F6049-05CB-426E-8625-C89C5AC331C3}.Debug|Any CPU.Build.0 = Debug|Any CPU
		{577F6049-05CB-426E-8625-C89C5AC331C3}.Release|Any CPU.ActiveCfg = Release|Any CPU
		{577F6049-05CB-426E-8625-C89C5AC331C3}.Release|Any CPU.Build.0 = Release|Any CPU
	EndGlobalSection
	GlobalSection(SolutionProperties) = preSolution
		HideSolutionNode = FALSE
	EndGlobalSection
	GlobalSection(NestedProjects) = preSolution
		{76A7C139-71A5-4A40-9799-8AFC6E83A6BA} = {6A62A6AA-8A94-4745-94F9-641B448E27C8}
		{2A3CC2FE-AB0E-44F6-B1CB-3290581DA442} = {6A62A6AA-8A94-4745-94F9-641B448E27C8}
		{D1BAAB5D-4F53-45D5-AE61-7E5AB29D7ECE} = {6A62A6AA-8A94-4745-94F9-641B448E27C8}
		{A0949AC5-17B8-4CFA-B0F6-32F163356DE9} = {6A62A6AA-8A94-4745-94F9-641B448E27C8}
		{0C1135B9-C3B2-4A9A-9824-6C7510269B1A} = {29C98603-C29C-4973-946A-6F82AF1F273D}
		{DAF13C52-B37D-4719-9477-B2B21425B4A8} = {29C98603-C29C-4973-946A-6F82AF1F273D}
		{E0106722-0715-4F61-B8EF-CA2B80F4A3C3} = {29C98603-C29C-4973-946A-6F82AF1F273D}
		{8D379CEA-D218-4DEC-87C0-4821F458BB95} = {29C98603-C29C-4973-946A-6F82AF1F273D}
		{9DA67E70-4F34-475B-8E12-05935CE1703C} = {29C98603-C29C-4973-946A-6F82AF1F273D}
		{8A5337BB-438F-4AD7-B695-89DF28F778DF} = {FDD2E530-9445-4624-9063-D6E8EAC83A04}
		{577F6049-05CB-426E-8625-C89C5AC331C3} = {FDD2E530-9445-4624-9063-D6E8EAC83A04}
	EndGlobalSection
EndGlobal
