
Microsoft Visual Studio Solution File, Format Version 11.00
# Visual Studio 2010
Project("{FAE04EC0-301F-11D3-BF4B-00C04F79EFBC}") = "BistroDesigner2010", "BistroDesigner2010.csproj", "{6DAA8F30-4623-49C0-B98E-5BA486C1F944}"
EndProject
Global
	GlobalSection(SolutionConfigurationPlatforms) = preSolution
		Debug|Any CPU = Debug|Any CPU
		Release|Any CPU = Release|Any CPU
	EndGlobalSection
	GlobalSection(ProjectConfigurationPlatforms) = postSolution
		{6DAA8F30-4623-49C0-B98E-5BA486C1F944}.Debug|Any CPU.ActiveCfg = Debug|Any CPU
		{6DAA8F30-4623-49C0-B98E-5BA486C1F944}.Debug|Any CPU.Build.0 = Debug|Any CPU
		{6DAA8F30-4623-49C0-B98E-5BA486C1F944}.Release|Any CPU.ActiveCfg = Release|Any CPU
		{6DAA8F30-4623-49C0-B98E-5BA486C1F944}.Release|Any CPU.Build.0 = Release|Any CPU
	EndGlobalSection
	GlobalSection(SolutionProperties) = preSolution
		HideSolutionNode = FALSE
	EndGlobalSection
EndGlobal
